
Microsoft Visual Studio Solution File, Format Version 12.00
# Visual Studio Version 17
VisualStudioVersion = 17.3.32825.248
MinimumVisualStudioVersion = 10.0.40219.1
Project("{FAE04EC0-301F-11D3-BF4B-00C04F79EFBC}") = "ООО_Техносервис_2", "ООО_Техносервис_2\ООО_Техносервис_2.csproj", "{5F26988D-88A8-44A1-B7C4-E64EA3EDFE6E}"
EndProject
Global
	GlobalSection(SolutionConfigurationPlatforms) = preSolution
		Debug|Any CPU = Debug|Any CPU
		Release|Any CPU = Release|Any CPU
	EndGlobalSection
	GlobalSection(ProjectConfigurationPlatforms) = postSolution
		{5F26988D-88A8-44A1-B7C4-E64EA3EDFE6E}.Debug|Any CPU.ActiveCfg = Debug|Any CPU
		{5F26988D-88A8-44A1-B7C4-E64EA3EDFE6E}.Debug|Any CPU.Build.0 = Debug|Any CPU
		{5F26988D-88A8-44A1-B7C4-E64EA3EDFE6E}.Release|Any CPU.ActiveCfg = Release|Any CPU
		{5F26988D-88A8-44A1-B7C4-E64EA3EDFE6E}.Release|Any CPU.Build.0 = Release|Any CPU
	EndGlobalSection
	GlobalSection(SolutionProperties) = preSolution
		HideSolutionNode = FALSE
	EndGlobalSection
	GlobalSection(ExtensibilityGlobals) = postSolution
		SolutionGuid = {7D78FA1D-303F-4D2A-8AD0-DE508BA3246E}
	EndGlobalSection
EndGlobal
